
Microsoft Visual Studio Solution File, Format Version 12.00
# Visual Studio Version 17
VisualStudioVersion = 17.10.34707.107
MinimumVisualStudioVersion = 10.0.40219.1
Project("{FAE04EC0-301F-11D3-BF4B-00C04F79EFBC}") = "SimpleProject.Api", "SimpleProject.Api\SimpleProject.Api.csproj", "{9B61DF90-CF90-49BA-AD60-B7261D1335C9}"
EndProject
Project("{FAE04EC0-301F-11D3-BF4B-00C04F79EFBC}") = "SimpleProject.Api.Infrastructura.Build", "SimpleProject.Api.Infrastructura.Build\SimpleProject.Api.Infrastructura.Build.csproj", "{DEBDAD6B-A6D2-4BE7-9360-F5BC5318B357}"
EndProject
Project("{FAE04EC0-301F-11D3-BF4B-00C04F79EFBC}") = "SimpleProject.Api.Unit.Tests", "SimpleProject.Api.Unit.Tests\SimpleProject.Api.Unit.Tests.csproj", "{5321A3E3-CEB5-456E-BA4F-9F80F53DBFB8}"
EndProject
Global
	GlobalSection(SolutionConfigurationPlatforms) = preSolution
		Debug|Any CPU = Debug|Any CPU
		Release|Any CPU = Release|Any CPU
	EndGlobalSection
	GlobalSection(ProjectConfigurationPlatforms) = postSolution
		{9B61DF90-CF90-49BA-AD60-B7261D1335C9}.Debug|Any CPU.ActiveCfg = Debug|Any CPU
		{9B61DF90-CF90-49BA-AD60-B7261D1335C9}.Debug|Any CPU.Build.0 = Debug|Any CPU
		{9B61DF90-CF90-49BA-AD60-B7261D1335C9}.Release|Any CPU.ActiveCfg = Release|Any CPU
		{9B61DF90-CF90-49BA-AD60-B7261D1335C9}.Release|Any CPU.Build.0 = Release|Any CPU
		{DEBDAD6B-A6D2-4BE7-9360-F5BC5318B357}.Debug|Any CPU.ActiveCfg = Debug|Any CPU
		{DEBDAD6B-A6D2-4BE7-9360-F5BC5318B357}.Debug|Any CPU.Build.0 = Debug|Any CPU
		{DEBDAD6B-A6D2-4BE7-9360-F5BC5318B357}.Release|Any CPU.ActiveCfg = Release|Any CPU
		{DEBDAD6B-A6D2-4BE7-9360-F5BC5318B357}.Release|Any CPU.Build.0 = Release|Any CPU
		{5321A3E3-CEB5-456E-BA4F-9F80F53DBFB8}.Debug|Any CPU.ActiveCfg = Debug|Any CPU
		{5321A3E3-CEB5-456E-BA4F-9F80F53DBFB8}.Debug|Any CPU.Build.0 = Debug|Any CPU
		{5321A3E3-CEB5-456E-BA4F-9F80F53DBFB8}.Release|Any CPU.ActiveCfg = Release|Any CPU
		{5321A3E3-CEB5-456E-BA4F-9F80F53DBFB8}.Release|Any CPU.Build.0 = Release|Any CPU
	EndGlobalSection
	GlobalSection(SolutionProperties) = preSolution
		HideSolutionNode = FALSE
	EndGlobalSection
	GlobalSection(ExtensibilityGlobals) = postSolution
		SolutionGuid = {109D9467-6CCB-4BF6-94A9-5D223B14CE56}
	EndGlobalSection
EndGlobal
